
Microsoft Visual Studio Solution File, Format Version 12.00
# Visual Studio 2012
Project("{8BC9CEB8-8B4A-11D0-8D11-00A0C91BC942}") = "dLib", "dLib\dLib.vcxproj", "{357E080D-3A84-450A-9572-8FA67E41CBD3}"
EndProject
Global
	GlobalSection(SolutionConfigurationPlatforms) = preSolution
		Debug|Win32 = Debug|Win32
		Release|Win32 = Release|Win32
	EndGlobalSection
	GlobalSection(ProjectConfigurationPlatforms) = postSolution
		{357E080D-3A84-450A-9572-8FA67E41CBD3}.Debug|Win32.ActiveCfg = Debug|Win32
		{357E080D-3A84-450A-9572-8FA67E41CBD3}.Debug|Win32.Build.0 = Debug|Win32
		{357E080D-3A84-450A-9572-8FA67E41CBD3}.Debug|Win32.Deploy.0 = Debug|Win32
		{357E080D-3A84-450A-9572-8FA67E41CBD3}.Release|Win32.ActiveCfg = Release|Win32
		{357E080D-3A84-450A-9572-8FA67E41CBD3}.Release|Win32.Build.0 = Release|Win32
		{357E080D-3A84-450A-9572-8FA67E41CBD3}.Release|Win32.Deploy.0 = Release|Win32
	EndGlobalSection
	GlobalSection(SolutionProperties) = preSolution
		HideSolutionNode = FALSE
	EndGlobalSection
EndGlobal
